Microsoft Visual Studio Solution File, Format Version 12.00
# Visual Studio 14
VisualStudioVersion = 14.0.25420.1
MinimumVisualStudioVersion = 10.0.40219.1
Project("{D954291E-2A0B-460D-934E-DC6B0785DB48}") = "FormVision.Forms", "FormVision\FormVision.Forms.shproj", "{E1B379BF-5EEE-473C-BB21-A7F13F7C6358}"
EndProject
Project("{FAE04EC0-301F-11D3-BF4B-00C04F79EFBC}") = "FormVision.iOS", "iOS\FormVision.iOS.csproj", "{AFFB0A1D-56BC-46BD-ADA2-4970E848E241}"
EndProject
Project("{FAE04EC0-301F-11D3-BF4B-00C04F79EFBC}") = "FormVision.DTO", "FormVision.DTO\FormVision.DTO.csproj", "{B1471B45-3B97-44A5-BA1C-850B86A20F50}"
EndProject
Project("{FAE04EC0-301F-11D3-BF4B-00C04F79EFBC}") = "FormVision.DO", "FormVision.DO\FormVision.DO.csproj", "{189D430E-B627-448A-B732-AEF96F623930}"
EndProject
Project("{FAE04EC0-301F-11D3-BF4B-00C04F79EFBC}") = "FormVision.Resources.Localization", "FormVision.Resources.Localization\FormVision.Resources.Localization.csproj", "{0A4E84A3-618A-4BD6-8092-D274630FBEBF}"
EndProject
Project("{FAE04EC0-301F-11D3-BF4B-00C04F79EFBC}") = "FormVision.Services.Abstractions", "FormVision.Services.Abstractions\FormVision.Services.Abstractions.csproj", "{A89A340B-21C3-4189-B61B-06E135FD5B64}"
EndProject
Project("{FAE04EC0-301F-11D3-BF4B-00C04F79EFBC}") = "FormVision.Services.Implementation", "FormVision.Services.Implementation\FormVision.Services.Implementation.csproj", "{58657598-AF12-42CF-8E0C-91D431407332}"
EndProject
Project("{FAE04EC0-301F-11D3-BF4B-00C04F79EFBC}") = "FormVision.Models", "FormVision.Models\FormVision.Models.csproj", "{1ED51793-2113-45E8-8B3B-49C2904D6ACC}"
EndProject
Project("{FAE04EC0-301F-11D3-BF4B-00C04F79EFBC}") = "FormVision.Enums", "FormVision.Enums\FormVision.Enums.csproj", "{ABDDFA57-9481-43F6-A835-C94689FCC4E1}"
EndProject
Project("{FAE04EC0-301F-11D3-BF4B-00C04F79EFBC}") = "FormVision.Transformations", "FormVision.Transformations\FormVision.Transformations.csproj", "{E58DA911-B8B5-47C3-B0AC-37A3F5AA85A9}"
EndProject
Project("{FAE04EC0-301F-11D3-BF4B-00C04F79EFBC}") = "FormVision.IoC", "FormVision.IoC\FormVision.IoC.csproj", "{8B3EE6B8-45B3-438A-8474-2DF114245329}"
EndProject
Global
	GlobalSection(SharedMSBuildProjectFiles) = preSolution
		FormVision\FormVision.Forms.projitems*{affb0a1d-56bc-46bd-ada2-4970e848e241}*SharedItemsImports = 4
		FormVision\FormVision.Forms.projitems*{e1b379bf-5eee-473c-bb21-a7f13f7c6358}*SharedItemsImports = 13
	EndGlobalSection
	GlobalSection(SolutionConfigurationPlatforms) = preSolution
		Debug|Any CPU = Debug|Any CPU
		Debug|iPhone = Debug|iPhone
		Debug|iPhoneSimulator = Debug|iPhoneSimulator
		Release|Any CPU = Release|Any CPU
		Release|iPhone = Release|iPhone
		Release|iPhoneSimulator = Release|iPhoneSimulator
	EndGlobalSection
	GlobalSection(ProjectConfigurationPlatforms) = postSolution
		{AFFB0A1D-56BC-46BD-ADA2-4970E848E241}.Debug|Any CPU.ActiveCfg = Debug|iPhoneSimulator
		{AFFB0A1D-56BC-46BD-ADA2-4970E848E241}.Debug|iPhone.ActiveCfg = Debug|iPhone
		{AFFB0A1D-56BC-46BD-ADA2-4970E848E241}.Debug|iPhone.Build.0 = Debug|iPhone
		{AFFB0A1D-56BC-46BD-ADA2-4970E848E241}.Debug|iPhoneSimulator.ActiveCfg = Debug|iPhoneSimulator
		{AFFB0A1D-56BC-46BD-ADA2-4970E848E241}.Debug|iPhoneSimulator.Build.0 = Debug|iPhoneSimulator
		{AFFB0A1D-56BC-46BD-ADA2-4970E848E241}.Release|Any CPU.ActiveCfg = Release|iPhoneSimulator
		{AFFB0A1D-56BC-46BD-ADA2-4970E848E241}.Release|iPhone.ActiveCfg = Release|iPhone
		{AFFB0A1D-56BC-46BD-ADA2-4970E848E241}.Release|iPhone.Build.0 = Release|iPhone
		{AFFB0A1D-56BC-46BD-ADA2-4970E848E241}.Release|iPhoneSimulator.ActiveCfg = Release|iPhoneSimulator
		{AFFB0A1D-56BC-46BD-ADA2-4970E848E241}.Release|iPhoneSimulator.Build.0 = Release|iPhoneSimulator
		{B1471B45-3B97-44A5-BA1C-850B86A20F50}.Debug|Any CPU.ActiveCfg = Debug|Any CPU
		{B1471B45-3B97-44A5-BA1C-850B86A20F50}.Debug|Any CPU.Build.0 = Debug|Any CPU
		{B1471B45-3B97-44A5-BA1C-850B86A20F50}.Debug|iPhone.ActiveCfg = Debug|Any CPU
		{B1471B45-3B97-44A5-BA1C-850B86A20F50}.Debug|iPhone.Build.0 = Debug|Any CPU
		{B1471B45-3B97-44A5-BA1C-850B86A20F50}.Debug|iPhoneSimulator.ActiveCfg = Debug|Any CPU
		{B1471B45-3B97-44A5-BA1C-850B86A20F50}.Debug|iPhoneSimulator.Build.0 = Debug|Any CPU
		{B1471B45-3B97-44A5-BA1C-850B86A20F50}.Release|Any CPU.ActiveCfg = Release|Any CPU
		{B1471B45-3B97-44A5-BA1C-850B86A20F50}.Release|Any CPU.Build.0 = Release|Any CPU
		{B1471B45-3B97-44A5-BA1C-850B86A20F50}.Release|iPhone.ActiveCfg = Release|Any CPU
		{B1471B45-3B97-44A5-BA1C-850B86A20F50}.Release|iPhone.Build.0 = Release|Any CPU
		{B1471B45-3B97-44A5-BA1C-850B86A20F50}.Release|iPhoneSimulator.ActiveCfg = Release|Any CPU
		{B1471B45-3B97-44A5-BA1C-850B86A20F50}.Release|iPhoneSimulator.Build.0 = Release|Any CPU
		{189D430E-B627-448A-B732-AEF96F623930}.Debug|Any CPU.ActiveCfg = Debug|Any CPU
		{189D430E-B627-448A-B732-AEF96F623930}.Debug|Any CPU.Build.0 = Debug|Any CPU
		{189D430E-B627-448A-B732-AEF96F623930}.Debug|iPhone.ActiveCfg = Debug|Any CPU
		{189D430E-B627-448A-B732-AEF96F623930}.Debug|iPhone.Build.0 = Debug|Any CPU
		{189D430E-B627-448A-B732-AEF96F623930}.Debug|iPhoneSimulator.ActiveCfg = Debug|Any CPU
		{189D430E-B627-448A-B732-AEF96F623930}.Debug|iPhoneSimulator.Build.0 = Debug|Any CPU
		{189D430E-B627-448A-B732-AEF96F623930}.Release|Any CPU.ActiveCfg = Release|Any CPU
		{189D430E-B627-448A-B732-AEF96F623930}.Release|Any CPU.Build.0 = Release|Any CPU
		{189D430E-B627-448A-B732-AEF96F623930}.Release|iPhone.ActiveCfg = Release|Any CPU
		{189D430E-B627-448A-B732-AEF96F623930}.Release|iPhone.Build.0 = Release|Any CPU
		{189D430E-B627-448A-B732-AEF96F623930}.Release|iPhoneSimulator.ActiveCfg = Release|Any CPU
		{189D430E-B627-448A-B732-AEF96F623930}.Release|iPhoneSimulator.Build.0 = Release|Any CPU
		{0A4E84A3-618A-4BD6-8092-D274630FBEBF}.Debug|Any CPU.ActiveCfg = Debug|Any CPU
		{0A4E84A3-618A-4BD6-8092-D274630FBEBF}.Debug|Any CPU.Build.0 = Debug|Any CPU
		{0A4E84A3-618A-4BD6-8092-D274630FBEBF}.Debug|iPhone.ActiveCfg = Debug|Any CPU
		{0A4E84A3-618A-4BD6-8092-D274630FBEBF}.Debug|iPhone.Build.0 = Debug|Any CPU
		{0A4E84A3-618A-4BD6-8092-D274630FBEBF}.Debug|iPhoneSimulator.ActiveCfg = Debug|Any CPU
		{0A4E84A3-618A-4BD6-8092-D274630FBEBF}.Debug|iPhoneSimulator.Build.0 = Debug|Any CPU
		{0A4E84A3-618A-4BD6-8092-D274630FBEBF}.Release|Any CPU.ActiveCfg = Release|Any CPU
		{0A4E84A3-618A-4BD6-8092-D274630FBEBF}.Release|Any CPU.Build.0 = Release|Any CPU
		{0A4E84A3-618A-4BD6-8092-D274630FBEBF}.Release|iPhone.ActiveCfg = Release|Any CPU
		{0A4E84A3-618A-4BD6-8092-D274630FBEBF}.Release|iPhone.Build.0 = Release|Any CPU
		{0A4E84A3-618A-4BD6-8092-D274630FBEBF}.Release|iPhoneSimulator.ActiveCfg = Release|Any CPU
		{0A4E84A3-618A-4BD6-8092-D274630FBEBF}.Release|iPhoneSimulator.Build.0 = Release|Any CPU
		{A89A340B-21C3-4189-B61B-06E135FD5B64}.Debug|Any CPU.ActiveCfg = Debug|Any CPU
		{A89A340B-21C3-4189-B61B-06E135FD5B64}.Debug|Any CPU.Build.0 = Debug|Any CPU
		{A89A340B-21C3-4189-B61B-06E135FD5B64}.Debug|iPhone.ActiveCfg = Debug|Any CPU
		{A89A340B-21C3-4189-B61B-06E135FD5B64}.Debug|iPhone.Build.0 = Debug|Any CPU
		{A89A340B-21C3-4189-B61B-06E135FD5B64}.Debug|iPhoneSimulator.ActiveCfg = Debug|Any CPU
		{A89A340B-21C3-4189-B61B-06E135FD5B64}.Debug|iPhoneSimulator.Build.0 = Debug|Any CPU
		{A89A340B-21C3-4189-B61B-06E135FD5B64}.Release|Any CPU.ActiveCfg = Release|Any CPU
		{A89A340B-21C3-4189-B61B-06E135FD5B64}.Release|Any CPU.Build.0 = Release|Any CPU
		{A89A340B-21C3-4189-B61B-06E135FD5B64}.Release|iPhone.ActiveCfg = Release|Any CPU
		{A89A340B-21C3-4189-B61B-06E135FD5B64}.Release|iPhone.Build.0 = Release|Any CPU
		{A89A340B-21C3-4189-B61B-06E135FD5B64}.Release|iPhoneSimulator.ActiveCfg = Release|Any CPU
		{A89A340B-21C3-4189-B61B-06E135FD5B64}.Release|iPhoneSimulator.Build.0 = Release|Any CPU
		{58657598-AF12-42CF-8E0C-91D431407332}.Debug|Any CPU.ActiveCfg = Debug|Any CPU
		{58657598-AF12-42CF-8E0C-91D431407332}.Debug|Any CPU.Build.0 = Debug|Any CPU
		{58657598-AF12-42CF-8E0C-91D431407332}.Debug|iPhone.ActiveCfg = Debug|Any CPU
		{58657598-AF12-42CF-8E0C-91D431407332}.Debug|iPhone.Build.0 = Debug|Any CPU
		{58657598-AF12-42CF-8E0C-91D431407332}.Debug|iPhoneSimulator.ActiveCfg = Debug|Any CPU
		{58657598-AF12-42CF-8E0C-91D431407332}.Debug|iPhoneSimulator.Build.0 = Debug|Any CPU
		{58657598-AF12-42CF-8E0C-91D431407332}.Release|Any CPU.ActiveCfg = Release|Any CPU
		{58657598-AF12-42CF-8E0C-91D431407332}.Release|Any CPU.Build.0 = Release|Any CPU
		{58657598-AF12-42CF-8E0C-91D431407332}.Release|iPhone.ActiveCfg = Release|Any CPU
		{58657598-AF12-42CF-8E0C-91D431407332}.Release|iPhone.Build.0 = Release|Any CPU
		{58657598-AF12-42CF-8E0C-91D431407332}.Release|iPhoneSimulator.ActiveCfg = Release|Any CPU
		{58657598-AF12-42CF-8E0C-91D431407332}.Release|iPhoneSimulator.Build.0 = Release|Any CPU
		{1ED51793-2113-45E8-8B3B-49C2904D6ACC}.Debug|Any CPU.ActiveCfg = Debug|Any CPU
		{1ED51793-2113-45E8-8B3B-49C2904D6ACC}.Debug|Any CPU.Build.0 = Debug|Any CPU
		{1ED51793-2113-45E8-8B3B-49C2904D6ACC}.Debug|iPhone.ActiveCfg = Debug|Any CPU
		{1ED51793-2113-45E8-8B3B-49C2904D6ACC}.Debug|iPhone.Build.0 = Debug|Any CPU
		{1ED51793-2113-45E8-8B3B-49C2904D6ACC}.Debug|iPhoneSimulator.ActiveCfg = Debug|Any CPU
		{1ED51793-2113-45E8-8B3B-49C2904D6ACC}.Debug|iPhoneSimulator.Build.0 = Debug|Any CPU
		{1ED51793-2113-45E8-8B3B-49C2904D6ACC}.Release|Any CPU.ActiveCfg = Release|Any CPU
		{1ED51793-2113-45E8-8B3B-49C2904D6ACC}.Release|Any CPU.Build.0 = Release|Any CPU
		{1ED51793-2113-45E8-8B3B-49C2904D6ACC}.Release|iPhone.ActiveCfg = Release|Any CPU
		{1ED51793-2113-45E8-8B3B-49C2904D6ACC}.Release|iPhone.Build.0 = Release|Any CPU
		{1ED51793-2113-45E8-8B3B-49C2904D6ACC}.Release|iPhoneSimulator.ActiveCfg = Release|Any CPU
		{1ED51793-2113-45E8-8B3B-49C2904D6ACC}.Release|iPhoneSimulator.Build.0 = Release|Any CPU
		{ABDDFA57-9481-43F6-A835-C94689FCC4E1}.Debug|Any CPU.ActiveCfg = Debug|Any CPU
		{ABDDFA57-9481-43F6-A835-C94689FCC4E1}.Debug|Any CPU.Build.0 = Debug|Any CPU
		{ABDDFA57-9481-43F6-A835-C94689FCC4E1}.Debug|iPhone.ActiveCfg = Debug|Any CPU
		{ABDDFA57-9481-43F6-A835-C94689FCC4E1}.Debug|iPhone.Build.0 = Debug|Any CPU
		{ABDDFA57-9481-43F6-A835-C94689FCC4E1}.Debug|iPhoneSimulator.ActiveCfg = Debug|Any CPU
		{ABDDFA57-9481-43F6-A835-C94689FCC4E1}.Debug|iPhoneSimulator.Build.0 = Debug|Any CPU
		{ABDDFA57-9481-43F6-A835-C94689FCC4E1}.Release|Any CPU.ActiveCfg = Release|Any CPU
		{ABDDFA57-9481-43F6-A835-C94689FCC4E1}.Release|Any CPU.Build.0 = Release|Any CPU
		{ABDDFA57-9481-43F6-A835-C94689FCC4E1}.Release|iPhone.ActiveCfg = Release|Any CPU
		{ABDDFA57-9481-43F6-A835-C94689FCC4E1}.Release|iPhone.Build.0 = Release|Any CPU
		{ABDDFA57-9481-43F6-A835-C94689FCC4E1}.Release|iPhoneSimulator.ActiveCfg = Release|Any CPU
		{ABDDFA57-9481-43F6-A835-C94689FCC4E1}.Release|iPhoneSimulator.Build.0 = Release|Any CPU
		{E58DA911-B8B5-47C3-B0AC-37A3F5AA85A9}.Debug|Any CPU.ActiveCfg = Debug|Any CPU
		{E58DA911-B8B5-47C3-B0AC-37A3F5AA85A9}.Debug|Any CPU.Build.0 = Debug|Any CPU
		{E58DA911-B8B5-47C3-B0AC-37A3F5AA85A9}.Debug|iPhone.ActiveCfg = Debug|Any CPU
		{E58DA911-B8B5-47C3-B0AC-37A3F5AA85A9}.Debug|iPhone.Build.0 = Debug|Any CPU
		{E58DA911-B8B5-47C3-B0AC-37A3F5AA85A9}.Debug|iPhoneSimulator.ActiveCfg = Debug|Any CPU
		{E58DA911-B8B5-47C3-B0AC-37A3F5AA85A9}.Debug|iPhoneSimulator.Build.0 = Debug|Any CPU
		{E58DA911-B8B5-47C3-B0AC-37A3F5AA85A9}.Release|Any CPU.ActiveCfg = Release|Any CPU
		{E58DA911-B8B5-47C3-B0AC-37A3F5AA85A9}.Release|Any CPU.Build.0 = Release|Any CPU
		{E58DA911-B8B5-47C3-B0AC-37A3F5AA85A9}.Release|iPhone.ActiveCfg = Release|Any CPU
		{E58DA911-B8B5-47C3-B0AC-37A3F5AA85A9}.Release|iPhone.Build.0 = Release|Any CPU
		{E58DA911-B8B5-47C3-B0AC-37A3F5AA85A9}.Release|iPhoneSimulator.ActiveCfg = Release|Any CPU
		{E58DA911-B8B5-47C3-B0AC-37A3F5AA85A9}.Release|iPhoneSimulator.Build.0 = Release|Any CPU
		{8B3EE6B8-45B3-438A-8474-2DF114245329}.Debug|Any CPU.ActiveCfg = Debug|Any CPU
		{8B3EE6B8-45B3-438A-8474-2DF114245329}.Debug|Any CPU.Build.0 = Debug|Any CPU
		{8B3EE6B8-45B3-438A-8474-2DF114245329}.Debug|iPhone.ActiveCfg = Debug|Any CPU
		{8B3EE6B8-45B3-438A-8474-2DF114245329}.Debug|iPhone.Build.0 = Debug|Any CPU
		{8B3EE6B8-45B3-438A-8474-2DF114245329}.Debug|iPhoneSimulator.ActiveCfg = Debug|Any CPU
		{8B3EE6B8-45B3-438A-8474-2DF114245329}.Debug|iPhoneSimulator.Build.0 = Debug|Any CPU
		{8B3EE6B8-45B3-438A-8474-2DF114245329}.Release|Any CPU.ActiveCfg = Release|Any CPU
		{8B3EE6B8-45B3-438A-8474-2DF114245329}.Release|Any CPU.Build.0 = Release|Any CPU
		{8B3EE6B8-45B3-438A-8474-2DF114245329}.Release|iPhone.ActiveCfg = Release|Any CPU
		{8B3EE6B8-45B3-438A-8474-2DF114245329}.Release|iPhone.Build.0 = Release|Any CPU
		{8B3EE6B8-45B3-438A-8474-2DF114245329}.Release|iPhoneSimulator.ActiveCfg = Release|Any CPU
		{8B3EE6B8-45B3-438A-8474-2DF114245329}.Release|iPhoneSimulator.Build.0 = Release|Any CPU
	EndGlobalSection
	GlobalSection(SolutionProperties) = preSolution
		HideSolutionNode = FALSE
	EndGlobalSection
EndGlobal
